
Microsoft Visual Studio Solution File, Format Version 12.00
# Visual Studio 15
VisualStudioVersion = 15.0.28307.645
MinimumVisualStudioVersion = 10.0.40219.1
Project("{FAE04EC0-301F-11D3-BF4B-00C04F79EFBC}") = "UnitTestProject1", "UnitTestProject1\UnitTestProject1.csproj", "{4C20B0A6-5D71-48D5-AA28-02390C489A4C}"
EndProject
Global
	GlobalSection(SolutionConfigurationPlatforms) = preSolution
		Debug|Any CPU = Debug|Any CPU
		Release|Any CPU = Release|Any CPU
	EndGlobalSection
	GlobalSection(ProjectConfigurationPlatforms) = postSolution
		{4C20B0A6-5D71-48D5-AA28-02390C489A4C}.Debug|Any CPU.ActiveCfg = Debug|Any CPU
		{4C20B0A6-5D71-48D5-AA28-02390C489A4C}.Debug|Any CPU.Build.0 = Debug|Any CPU
		{4C20B0A6-5D71-48D5-AA28-02390C489A4C}.Release|Any CPU.ActiveCfg = Release|Any CPU
		{4C20B0A6-5D71-48D5-AA28-02390C489A4C}.Release|Any CPU.Build.0 = Release|Any CPU
	EndGlobalSection
	GlobalSection(SolutionProperties) = preSolution
		HideSolutionNode = FALSE
	EndGlobalSection
	GlobalSection(ExtensibilityGlobals) = postSolution
		SolutionGuid = {12B583A5-3D46-4408-857D-B70EF849E45D}
	EndGlobalSection
EndGlobal
